
Microsoft Visual Studio Solution File, Format Version 12.00
# Visual Studio Version 17
VisualStudioVersion = 17.4.33122.133
MinimumVisualStudioVersion = 10.0.40219.1
Project("{FAE04EC0-301F-11D3-BF4B-00C04F79EFBC}") = "VegetablesAndFruits", "VegetablesAndFruits\VegetablesAndFruits.csproj", "{515F7E5D-B282-4A12-9B82-3E83588F2554}"
EndProject
Global
	GlobalSection(SolutionConfigurationPlatforms) = preSolution
		Debug|Any CPU = Debug|Any CPU
		Release|Any CPU = Release|Any CPU
	EndGlobalSection
	GlobalSection(ProjectConfigurationPlatforms) = postSolution
		{515F7E5D-B282-4A12-9B82-3E83588F2554}.Debug|Any CPU.ActiveCfg = Debug|Any CPU
		{515F7E5D-B282-4A12-9B82-3E83588F2554}.Debug|Any CPU.Build.0 = Debug|Any CPU
		{515F7E5D-B282-4A12-9B82-3E83588F2554}.Release|Any CPU.ActiveCfg = Release|Any CPU
		{515F7E5D-B282-4A12-9B82-3E83588F2554}.Release|Any CPU.Build.0 = Release|Any CPU
	EndGlobalSection
	GlobalSection(SolutionProperties) = preSolution
		HideSolutionNode = FALSE
	EndGlobalSection
	GlobalSection(ExtensibilityGlobals) = postSolution
		SolutionGuid = {08B28B2C-1019-4960-9802-95A069AF5624}
	EndGlobalSection
EndGlobal
